
Microsoft Visual Studio Solution File, Format Version 12.00
# Visual Studio 15
VisualStudioVersion = 15.0.28010.2016
MinimumVisualStudioVersion = 10.0.40219.1
Project("{FAE04EC0-301F-11D3-BF4B-00C04F79EFBC}") = "Department", "Department\Department.csproj", "{83E72B72-8CD5-456D-922A-8589FFBE1922}"
EndProject
Global
	GlobalSection(SolutionConfigurationPlatforms) = preSolution
		Debug|Any CPU = Debug|Any CPU
		Release|Any CPU = Release|Any CPU
	EndGlobalSection
	GlobalSection(ProjectConfigurationPlatforms) = postSolution
		{83E72B72-8CD5-456D-922A-8589FFBE1922}.Debug|Any CPU.ActiveCfg = Debug|Any CPU
		{83E72B72-8CD5-456D-922A-8589FFBE1922}.Debug|Any CPU.Build.0 = Debug|Any CPU
		{83E72B72-8CD5-456D-922A-8589FFBE1922}.Release|Any CPU.ActiveCfg = Release|Any CPU
		{83E72B72-8CD5-456D-922A-8589FFBE1922}.Release|Any CPU.Build.0 = Release|Any CPU
	EndGlobalSection
	GlobalSection(SolutionProperties) = preSolution
		HideSolutionNode = FALSE
	EndGlobalSection
	GlobalSection(ExtensibilityGlobals) = postSolution
		SolutionGuid = {640378AE-5FF2-4AA5-A644-6EC4221CBDC3}
	EndGlobalSection
EndGlobal
